
Microsoft Visual Studio Solution File, Format Version 12.00
# Visual Studio Version 16
VisualStudioVersion = 16.0.31613.86
MinimumVisualStudioVersion = 10.0.40219.1
Project("{9A19103F-16F7-4668-BE54-9A1E7A4F7556}") = "DotNetCSharpApp", "DotNetCSharpApp\DotNetCSharpApp.csproj", "{C131074F-B402-49EC-9193-B919A44F9911}"
	ProjectSection(ProjectDependencies) = postProject
		{996CEA6B-BCAD-4D95-AC13-8D8BD1EB8274} = {996CEA6B-BCAD-4D95-AC13-8D8BD1EB8274}
	EndProjectSection
EndProject
Project("{9A19103F-16F7-4668-BE54-9A1E7A4F7556}") = "Coordinates", "Coordinates\Coordinates.csproj", "{996CEA6B-BCAD-4D95-AC13-8D8BD1EB8274}"
EndProject
Project("{FAE04EC0-301F-11D3-BF4B-00C04F79EFBC}") = "TestCoordinates", "TestCoordinates\TestCoordinates.csproj", "{BF8BDD77-5D81-4725-BAA8-58F748668437}"
	ProjectSection(ProjectDependencies) = postProject
		{996CEA6B-BCAD-4D95-AC13-8D8BD1EB8274} = {996CEA6B-BCAD-4D95-AC13-8D8BD1EB8274}
	EndProjectSection
EndProject
Global
	GlobalSection(SolutionConfigurationPlatforms) = preSolution
		Debug|Any CPU = Debug|Any CPU
		Release|Any CPU = Release|Any CPU
	EndGlobalSection
	GlobalSection(ProjectConfigurationPlatforms) = postSolution
		{C131074F-B402-49EC-9193-B919A44F9911}.Debug|Any CPU.ActiveCfg = Debug|Any CPU
		{C131074F-B402-49EC-9193-B919A44F9911}.Debug|Any CPU.Build.0 = Debug|Any CPU
		{C131074F-B402-49EC-9193-B919A44F9911}.Release|Any CPU.ActiveCfg = Release|Any CPU
		{C131074F-B402-49EC-9193-B919A44F9911}.Release|Any CPU.Build.0 = Release|Any CPU
		{996CEA6B-BCAD-4D95-AC13-8D8BD1EB8274}.Debug|Any CPU.ActiveCfg = Debug|Any CPU
		{996CEA6B-BCAD-4D95-AC13-8D8BD1EB8274}.Debug|Any CPU.Build.0 = Debug|Any CPU
		{996CEA6B-BCAD-4D95-AC13-8D8BD1EB8274}.Release|Any CPU.ActiveCfg = Release|Any CPU
		{996CEA6B-BCAD-4D95-AC13-8D8BD1EB8274}.Release|Any CPU.Build.0 = Release|Any CPU
		{BF8BDD77-5D81-4725-BAA8-58F748668437}.Debug|Any CPU.ActiveCfg = Debug|Any CPU
		{BF8BDD77-5D81-4725-BAA8-58F748668437}.Debug|Any CPU.Build.0 = Debug|Any CPU
		{BF8BDD77-5D81-4725-BAA8-58F748668437}.Release|Any CPU.ActiveCfg = Release|Any CPU
		{BF8BDD77-5D81-4725-BAA8-58F748668437}.Release|Any CPU.Build.0 = Release|Any CPU
	EndGlobalSection
	GlobalSection(SolutionProperties) = preSolution
		HideSolutionNode = FALSE
	EndGlobalSection
	GlobalSection(ExtensibilityGlobals) = postSolution
		SolutionGuid = {0E9208B0-2496-48E7-99EA-31B2F2A6C80B}
	EndGlobalSection
EndGlobal
